Microsoft Visual Studio Solution File, Format Version 12.00
# Visual Studio Version 17
VisualStudioVersion = 17.5.2.0
MinimumVisualStudioVersion = 10.0.40219.1
Project("{2150E333-8FDC-42A3-9474-1A3956D46DE8}") = "AIStep", "AIStep", "{882EF148-CDD1-EF1D-C138-ECF58BB4DD21}"
EndProject
Project("{2150E333-8FDC-42A3-9474-1A3956D46DE8}") = "src", "src", "{459494C3-D3E9-018C-805C-3081BB4E8870}"
EndProject
Project("{FAE04EC0-301F-11D3-BF4B-00C04F79EFBC}") = "AIS.AdminPanel", "AIStep\src\AIS.AdminPanel\AIS.AdminPanel.csproj", "{04B0B188-0455-C419-4922-A5F612320045}"
EndProject
Project("{FAE04EC0-301F-11D3-BF4B-00C04F79EFBC}") = "AIS.AppAPI", "AIStep\src\AIS.AppAPI\AIS.AppAPI.csproj", "{B6566EB6-ED33-DE22-BCE1-8BF374E67399}"
EndProject
Project("{FAE04EC0-301F-11D3-BF4B-00C04F79EFBC}") = "AIS.Domain", "AIStep\src\AIS.Domain\AIS.Domain.csproj", "{C117BB97-BF5D-B6CE-A168-91494BDA7E9F}"
EndProject
Project("{FAE04EC0-301F-11D3-BF4B-00C04F79EFBC}") = "AIS.Infrastructure", "AIStep\src\AIS.Infrastructure\AIS.Infrastructure.csproj", "{EE067626-F268-FBCB-04EA-1153A60EAAA4}"
EndProject
Project("{2150E333-8FDC-42A3-9474-1A3956D46DE8}") = "tests", "tests", "{AC17C854-6F39-D4E4-28A8-396D8A853328}"
EndProject
Project("{FAE04EC0-301F-11D3-BF4B-00C04F79EFBC}") = "AIS.DomainTests", "AIStep\tests\AIS.DomainTests\AIS.DomainTests.csproj", "{0FE7160F-C57F-1788-11CF-79C9B79E9AB1}"
EndProject
Global
	GlobalSection(SolutionConfigurationPlatforms) = preSolution
		Debug|Any CPU = Debug|Any CPU
		Release|Any CPU = Release|Any CPU
	EndGlobalSection
	GlobalSection(ProjectConfigurationPlatforms) = postSolution
		{04B0B188-0455-C419-4922-A5F612320045}.Debug|Any CPU.ActiveCfg = Debug|Any CPU
		{04B0B188-0455-C419-4922-A5F612320045}.Debug|Any CPU.Build.0 = Debug|Any CPU
		{04B0B188-0455-C419-4922-A5F612320045}.Release|Any CPU.ActiveCfg = Release|Any CPU
		{04B0B188-0455-C419-4922-A5F612320045}.Release|Any CPU.Build.0 = Release|Any CPU
		{B6566EB6-ED33-DE22-BCE1-8BF374E67399}.Debug|Any CPU.ActiveCfg = Debug|Any CPU
		{B6566EB6-ED33-DE22-BCE1-8BF374E67399}.Debug|Any CPU.Build.0 = Debug|Any CPU
		{B6566EB6-ED33-DE22-BCE1-8BF374E67399}.Release|Any CPU.ActiveCfg = Release|Any CPU
		{B6566EB6-ED33-DE22-BCE1-8BF374E67399}.Release|Any CPU.Build.0 = Release|Any CPU
		{C117BB97-BF5D-B6CE-A168-91494BDA7E9F}.Debug|Any CPU.ActiveCfg = Debug|Any CPU
		{C117BB97-BF5D-B6CE-A168-91494BDA7E9F}.Debug|Any CPU.Build.0 = Debug|Any CPU
		{C117BB97-BF5D-B6CE-A168-91494BDA7E9F}.Release|Any CPU.ActiveCfg = Release|Any CPU
		{C117BB97-BF5D-B6CE-A168-91494BDA7E9F}.Release|Any CPU.Build.0 = Release|Any CPU
		{EE067626-F268-FBCB-04EA-1153A60EAAA4}.Debug|Any CPU.ActiveCfg = Debug|Any CPU
		{EE067626-F268-FBCB-04EA-1153A60EAAA4}.Debug|Any CPU.Build.0 = Debug|Any CPU
		{EE067626-F268-FBCB-04EA-1153A60EAAA4}.Release|Any CPU.ActiveCfg = Release|Any CPU
		{EE067626-F268-FBCB-04EA-1153A60EAAA4}.Release|Any CPU.Build.0 = Release|Any CPU
		{0FE7160F-C57F-1788-11CF-79C9B79E9AB1}.Debug|Any CPU.ActiveCfg = Debug|Any CPU
		{0FE7160F-C57F-1788-11CF-79C9B79E9AB1}.Debug|Any CPU.Build.0 = Debug|Any CPU
		{0FE7160F-C57F-1788-11CF-79C9B79E9AB1}.Release|Any CPU.ActiveCfg = Release|Any CPU
		{0FE7160F-C57F-1788-11CF-79C9B79E9AB1}.Release|Any CPU.Build.0 = Release|Any CPU
	EndGlobalSection
	GlobalSection(SolutionProperties) = preSolution
		HideSolutionNode = FALSE
	EndGlobalSection
	GlobalSection(NestedProjects) = preSolution
		{459494C3-D3E9-018C-805C-3081BB4E8870} = {882EF148-CDD1-EF1D-C138-ECF58BB4DD21}
		{04B0B188-0455-C419-4922-A5F612320045} = {459494C3-D3E9-018C-805C-3081BB4E8870}
		{B6566EB6-ED33-DE22-BCE1-8BF374E67399} = {459494C3-D3E9-018C-805C-3081BB4E8870}
		{C117BB97-BF5D-B6CE-A168-91494BDA7E9F} = {459494C3-D3E9-018C-805C-3081BB4E8870}
		{EE067626-F268-FBCB-04EA-1153A60EAAA4} = {459494C3-D3E9-018C-805C-3081BB4E8870}
		{AC17C854-6F39-D4E4-28A8-396D8A853328} = {882EF148-CDD1-EF1D-C138-ECF58BB4DD21}
		{0FE7160F-C57F-1788-11CF-79C9B79E9AB1} = {AC17C854-6F39-D4E4-28A8-396D8A853328}
	EndGlobalSection
	GlobalSection(ExtensibilityGlobals) = postSolution
		SolutionGuid = {645421FA-8DB6-4330-8F19-0DFA2153555D}
	EndGlobalSection
EndGlobal
